
Microsoft Visual Studio Solution File, Format Version 12.00
# Visual Studio Version 16
VisualStudioVersion = 16.0.33328.57
MinimumVisualStudioVersion = 10.0.40219.1
Project("{FAE04EC0-301F-11D3-BF4B-00C04F79EFBC}") = "calculator2", "calculator2\calculator2.csproj", "{417867F0-57B3-4FEC-864A-C76D7EE70B53}"
EndProject
Global
	GlobalSection(SolutionConfigurationPlatforms) = preSolution
		Debug|Any CPU = Debug|Any CPU
		Release|Any CPU = Release|Any CPU
	EndGlobalSection
	GlobalSection(ProjectConfigurationPlatforms) = postSolution
		{417867F0-57B3-4FEC-864A-C76D7EE70B53}.Debug|Any CPU.ActiveCfg = Debug|Any CPU
		{417867F0-57B3-4FEC-864A-C76D7EE70B53}.Debug|Any CPU.Build.0 = Debug|Any CPU
		{417867F0-57B3-4FEC-864A-C76D7EE70B53}.Release|Any CPU.ActiveCfg = Release|Any CPU
		{417867F0-57B3-4FEC-864A-C76D7EE70B53}.Release|Any CPU.Build.0 = Release|Any CPU
	EndGlobalSection
	GlobalSection(SolutionProperties) = preSolution
		HideSolutionNode = FALSE
	EndGlobalSection
	GlobalSection(ExtensibilityGlobals) = postSolution
		SolutionGuid = {BB88EBDE-40A9-4909-920A-DBC739539DE2}
	EndGlobalSection
EndGlobal
